# This file is automatically @generated by Cargo.
# It is not intended for manual editing.
version = 3

[[package]]
name = "D2DExperiments"
version = "0.1.0"
dependencies = [
 "anyhow",
 "lazy_static",
 "modular-bitfield",
 "utf16_literal",
 "uuid",
 "windows",
]

[[package]]
name = "anyhow"
version = "1.0.44"
source = "registry+https://github.com/rust-lang/crates.io-index"
checksum = "61604a8f862e1d5c3229fdd78f8b02c68dcf73a4c4b05fd636d12240aaa242c1"

[[package]]
name = "lazy_static"
version = "1.4.0"
source = "registry+https://github.com/rust-lang/crates.io-index"
checksum = "e2abad23fbc42b3700f2f279844dc832adb2b2eb069b2df918f455c4e18cc646"

[[package]]
name = "modular-bitfield"
version = "0.11.2"
source = "registry+https://github.com/rust-lang/crates.io-index"
checksum = "a53d79ba8304ac1c4f9eb3b9d281f21f7be9d4626f72ce7df4ad8fbde4f38a74"
dependencies = [
 "modular-bitfield-impl",
 "static_assertions",
]

[[package]]
name = "modular-bitfield-impl"
version = "0.11.2"
source = "registry+https://github.com/rust-lang/crates.io-index"
checksum = "5a7d5f7076603ebc68de2dc6a650ec331a062a13abaa346975be747bbfa4b789"
dependencies = [
 "proc-macro2",
 "quote",
 "syn",
]

[[package]]
name = "proc-macro2"
version = "1.0.29"
source = "registry+https://github.com/rust-lang/crates.io-index"
checksum = "b9f5105d4fdaab20335ca9565e106a5d9b82b6219b5ba735731124ac6711d23d"
dependencies = [
 "unicode-xid",
]

[[package]]
name = "quote"
version = "1.0.9"
source = "registry+https://github.com/rust-lang/crates.io-index"
checksum = "c3d0b9745dc2debf507c8422de05d7226cc1f0644216dfdfead988f9b1ab32a7"
dependencies = [
 "proc-macro2",
]

[[package]]
name = "static_assertions"
version = "1.1.0"
source = "registry+https://github.com/rust-lang/crates.io-index"
checksum = "a2eb9349b6444b326872e140eb1cf5e7c522154d69e7a0ffb0fb81c06b37543f"

[[package]]
name = "syn"
version = "1.0.76"
source = "registry+https://github.com/rust-lang/crates.io-index"
checksum = "c6f107db402c2c2055242dbf4d2af0e69197202e9faacbef9571bbe47f5a1b84"
dependencies = [
 "proc-macro2",
 "quote",
 "unicode-xid",
]

[[package]]
name = "unicode-xid"
version = "0.2.2"
source = "registry+https://github.com/rust-lang/crates.io-index"
checksum = "8ccb82d61f80a663efe1f787a51b16b5a51e3314d6ac365b08639f52387b33f3"

[[package]]
name = "utf16_literal"
version = "0.2.1"
source = "registry+https://github.com/rust-lang/crates.io-index"
checksum = "316f90fe4a7beb941ce0b6806ba7386f1a515155a42def71825f3f9a232e3f48"

[[package]]
name = "uuid"
version = "0.8.2"
source = "registry+https://github.com/rust-lang/crates.io-index"
checksum = "bc5cf98d8186244414c848017f0e2676b3fcb46807f6668a97dfe67359a3c4b7"

[[package]]
name = "windows"
version = "0.25.0"
source = "registry+https://github.com/rust-lang/crates.io-index"
checksum = "e46c474738425c090573ecf5472d54ee5f78132e6195d0bbfcc2aabc0ed29f37"
dependencies = [
 "windows_aarch64_msvc",
 "windows_i686_gnu",
 "windows_i686_msvc",
 "windows_x86_64_gnu",
 "windows_x86_64_msvc",
]

[[package]]
name = "windows_aarch64_msvc"
version = "0.25.0"
source = "registry+https://github.com/rust-lang/crates.io-index"
checksum = "3022d174000fcaeb6f95933fb04171ea0e21b9289ac57fe4400bfa148e41df79"

[[package]]
name = "windows_i686_gnu"
version = "0.25.0"
source = "registry+https://github.com/rust-lang/crates.io-index"
checksum = "03b1584eebf06654708eab4301152032c13c1e47f4a754ffc93c733f10993e85"

[[package]]
name = "windows_i686_msvc"
version = "0.25.0"
source = "registry+https://github.com/rust-lang/crates.io-index"
checksum = "f49df16591e9ad429997ec57d462b0cc45168f639d03489e8c2e933ea9c389d7"

[[package]]
name = "windows_x86_64_gnu"
version = "0.25.0"
source = "registry+https://github.com/rust-lang/crates.io-index"
checksum = "2cb06177184100374f97d5e7261ee0b6adefa8ee32e38f87518ca22b519bb80e"

[[package]]
name = "windows_x86_64_msvc"
version = "0.25.0"
source = "registry+https://github.com/rust-lang/crates.io-index"
checksum = "c3c27bcbb33ddbed3569e36c14775c99f72b97c72ce49f81d128637fb48a061f"
